// !$*UTF8*$!
{
	archiveVersion = 1;
	classes = {
	};
	objectVersion = 46;
	objects = {

/* Begin PBXBuildFile section */
		340949BB1C22D19B00C0146C /* AppDelegate.swift in Sources */ = {isa = PBXBuildFile; fileRef = 340949BA1C22D19B00C0146C /* AppDelegate.swift */; };
		340949BD1C22D19B00C0146C /* ViewController.swift in Sources */ = {isa = PBXBuildFile; fileRef = 340949BC1C22D19B00C0146C /* ViewController.swift */; };
		340949C01C22D19B00C0146C /* Main.storyboard in Resources */ = {isa = PBXBuildFile; fileRef = 340949BE1C22D19B00C0146C /* Main.storyboard */; };
		340949C21C22D19B00C0146C /* Assets.xcassets in Resources */ = {isa = PBXBuildFile; fileRef = 340949C11C22D19B00C0146C /* Assets.xcassets */; };
		340949C51C22D19B00C0146C /* LaunchScreen.storyboard in Resources */ = {isa = PBXBuildFile; fileRef = 340949C31C22D19B00C0146C /* LaunchScreen.storyboard */; };
		340949CD1C22EBC600C0146C /* MyScrollView.swift in Sources */ = {isa = PBXBuildFile; fileRef = 340949CC1C22EBC600C0146C /* MyScrollView.swift */; };
/* End PBXBuildFile section */

/* Begin PBXFileReference section */
		340949B71C22D19B00C0146C /* scrollviews.app */ = {isa = PBXFileReference; explicitFileType = wrapper.application; includeInIndex = 0; path = scrollviews.app; sourceTree = BUILT_PRODUCTS_DIR; };
		340949BA1C22D19B00C0146C /* AppDelegate.swift */ = {isa = PBXFileReference; lastKnownFileType = sourcecode.swift; path = AppDelegate.swift; sourceTree = "<group>"; };
		340949BC1C22D19B00C0146C /* ViewController.swift */ = {isa = PBXFileReference; lastKnownFileType = sourcecode.swift; path = ViewController.swift; sourceTree = "<group>"; };
		340949BF1C22D19B00C0146C /* Base */ = {isa = PBXFileReference; lastKnownFileType = file.storyboard; name = Base; path = Base.lproj/Main.storyboard; sourceTree = "<group>"; };
		340949C11C22D19B00C0146C /* Assets.xcassets */ = {isa = PBXFileReference; lastKnownFileType = folder.assetcatalog; path = Assets.xcassets; sourceTree = "<group>"; };
		340949C41C22D19B00C0146C /* Base */ = {isa = PBXFileReference; lastKnownFileType = file.storyboard; name = Base; path = Base.lproj/LaunchScreen.storyboard; sourceTree = "<group>"; };
		340949C61C22D19B00C0146C /* Info.plist */ = {isa = PBXFileReference; lastKnownFileType = text.plist.xml; path = Info.plist; sourceTree = "<group>"; };
		340949CC1C22EBC600C0146C /* MyScrollView.swift */ = {isa = PBXFileReference; fileEncoding = 4; lastKnownFileType = sourcecode.swift; path = MyScrollView.swift; sourceTree = "<group>"; };
/* End PBXFileReference section */

/* Begin PBXFrameworksBuildPhase section */
		340949B41C22D19B00C0146C /* Frameworks */ = {
			isa = PBXFrameworksBuildPhase;
			buildActionMask = 2147483647;
			files = (
			);
			runOnlyForDeploymentPostprocessing = 0;
		};
/* End PBXFrameworksBuildPhase section */

/* Begin PBXGroup section */
		340949AE1C22D19B00C0146C = {
			isa = PBXGroup;
			children = (
				340949B91C22D19B00C0146C /* scrollviews */,
				340949B81C22D19B00C0146C /* Products */,
			);
			sourceTree = "<group>";
		};
		340949B81C22D19B00C0146C /* Products */ = {
			isa = PBXGroup;
			children = (
				340949B71C22D19B00C0146C /* scrollviews.app */,
			);
			name = Products;
			sourceTree = "<group>";
		};
		340949B91C22D19B00C0146C /* scrollviews */ = {
			isa = PBXGroup;
			children = (
				340949BA1C22D19B00C0146C /* AppDelegate.swift */,
				340949BC1C22D19B00C0146C /* ViewController.swift */,
				340949CC1C22EBC600C0146C /* MyScrollView.swift */,
				340949BE1C22D19B00C0146C /* Main.storyboard */,
				340949C11C22D19B00C0146C /* Assets.xcassets */,
				340949C31C22D19B00C0146C /* LaunchScreen.storyboard */,
				340949C61C22D19B00C0146C /* Info.plist */,
			);
			path = scrollviews;
			sourceTree = "<group>";
		};
/* End PBXGroup section */

/* Begin PBXNativeTarget section */
		340949B61C22D19B00C0146C /* scrollviews */ = {
			isa = PBXNativeTarget;
			buildConfigurationList = 340949C91C22D19B00C0146C /* Build configuration list for PBXNativeTarget "scrollviews" */;
			buildPhases = (
				340949B31C22D19B00C0146C /* Sources */,
				340949B41C22D19B00C0146C /* Frameworks */,
				340949B51C22D19B00C0146C /* Resources */,
			);
			buildRules = (
			);
			dependencies = (
			);
			name = scrollviews;
			productName = scrollviews;
			productReference = 340949B71C22D19B00C0146C /* scrollviews.app */;
			productType = "com.apple.product-type.application";
		};
/* End PBXNativeTarget section */

/* Begin PBXProject section */
		340949AF1C22D19B00C0146C /* Project object */ = {
			isa = PBXProject;
			attributes = {
				LastSwiftUpdateCheck = 0720;
				LastUpgradeCheck = 0720;
				ORGANIZATIONNAME = usagimaru;
				TargetAttributes = {
					340949B61C22D19B00C0146C = {
						CreatedOnToolsVersion = 7.2;
					};
				};
			};
			buildConfigurationList = 340949B21C22D19B00C0146C /* Build configuration list for PBXProject "scrollviews" */;
			compatibilityVersion = "Xcode 3.2";
			developmentRegion = English;
			hasScannedForEncodings = 0;
			knownRegions = (
				en,
				Base,
			);
			mainGroup = 340949AE1C22D19B00C0146C;
			productRefGroup = 340949B81C22D19B00C0146C /* Products */;
			projectDirPath = "";
			projectRoot = "";
			targets = (
				340949B61C22D19B00C0146C /* scrollviews */,
			);
		};
/* End PBXProject section */

/* Begin PBXResourcesBuildPhase section */
		340949B51C22D19B00C0146C /* Resources */ = {
			isa = PBXResourcesBuildPhase;
			buildActionMask = 2147483647;
			files = (
				340949C51C22D19B00C0146C /* LaunchScreen.storyboard in Resources */,
				340949C21C22D19B00C0146C /* Assets.xcassets in Resources */,
				340949C01C22D19B00C0146C /* Main.storyboard in Resources */,
			);
			runOnlyForDeploymentPostprocessing = 0;
		};
/* End PBXResourcesBuildPhase section */

/* Begin PBXSourcesBuildPhase section */
		340949B31C22D19B00C0146C /* Sources */ = {
			isa = PBXSourcesBuildPhase;
			buildActionMask = 2147483647;
			files = (
				340949BD1C22D19B00C0146C /* ViewController.swift in Sources */,
				340949CD1C22EBC600C0146C /* MyScrollView.swift in Sources */,
				340949BB1C22D19B00C0146C /* AppDelegate.swift in Sources */,
			);
			runOnlyForDeploymentPostprocessing = 0;
		};
/* End PBXSourcesBuildPhase section */

/* Begin PBXVariantGroup section */
		340949BE1C22D19B00C0146C /* Main.storyboard */ = {
			isa = PBXVariantGroup;
			children = (
				340949BF1C22D19B00C0146C /* Base */,
			);
			name = Main.storyboard;
			sourceTree = "<group>";
		};
		340949C31C22D19B00C0146C /* LaunchScreen.storyboard */ = {
			isa = PBXVariantGroup;
			children = (
				340949C41C22D19B00C0146C /* Base */,
			);
			name = LaunchScreen.storyboard;
			sourceTree = "<group>";
		};
/* End PBXVariantGroup section */

/* Begin XCBuildConfiguration section */
		340949C71C22D19B00C0146C /* Debug */ = {
			isa = XCBuildConfiguration;
			buildSettings = {
				ALWAYS_SEARCH_USER_PATHS = NO;
				CLANG_CXX_LANGUAGE_STANDARD = "gnu++0x";
				CLANG_CXX_LIBRARY = "libc++";
				CLANG_ENABLE_MODULES = YES;
				CLANG_ENABLE_OBJC_ARC = YES;
				CLANG_WARN_BOOL_CONVERSION = YES;
				CLANG_WARN_CONSTANT_CONVERSION = YES;
				CLANG_WARN_DIRECT_OBJC_ISA_USAGE = YES_ERROR;
				CLANG_WARN_EMPTY_BODY = YES;
				CLANG_WARN_ENUM_CONVERSION = YES;
				CLANG_WARN_INT_CONVERSION = YES;
				CLANG_WARN_OBJC_ROOT_CLASS = YES_ERROR;
				CLANG_WARN_UNREACHABLE_CODE = YES;
				CLANG_WARN__DUPLICATE_METHOD_MATCH = YES;
				"CODE_SIGN_IDENTITY[sdk=iphoneos*]" = "iPhone Developer";
				COPY_PHASE_STRIP = NO;
				DEBUG_INFORMATION_FORMAT = dwarf;
				ENABLE_STRICT_OBJC_MSGSEND = YES;
				ENABLE_TESTABILITY = YES;
				GCC_C_LANGUAGE_STANDARD = gnu99;
				GCC_DYNAMIC_NO_PIC = NO;
				GCC_NO_COMMON_BLOCKS = YES;
				GCC_OPTIMIZATION_LEVEL = 0;
				GCC_PREPROCESSOR_DEFINITIONS = (
					"DEBUG=1",
					"$(inherited)",
				);
				GCC_WARN_64_TO_32_BIT_CONVERSION = YES;
				GCC_WARN_ABOUT_RETURN_TYPE = YES_ERROR;
				GCC_WARN_UNDECLARED_SELECTOR = YES;
				GCC_WARN_UNINITIALIZED_AUTOS = YES_AGGRESSIVE;
				GCC_WARN_UNUSED_FUNCTION = YES;
				GCC_WARN_UNUSED_VARIABLE = YES;
				IPHONEOS_DEPLOYMENT_TARGET = 9.2;
				MTL_ENABLE_DEBUG_INFO = YES;
				ONLY_ACTIVE_ARCH = YES;
				SDKROOT = iphoneos;
				SWIFT_OPTIMIZATION_LEVEL = "-Onone";
			};
			name = Debug;
		};
		340949C81C22D19B00C0146C /* Release */ = {
			isa = XCBuildConfiguration;
			buildSettings = {
				ALWAYS_SEARCH_USER_PATHS = NO;
				CLANG_CXX_LANGUAGE_STANDARD = "gnu++0x";
				CLANG_CXX_LIBRARY = "libc++";
				CLANG_ENABLE_MODULES = YES;
				CLANG_ENABLE_OBJC_ARC = YES;
				CLANG_WARN_BOOL_CONVERSION = YES;
				CLANG_WARN_CONSTANT_CONVERSION = YES;
				CLANG_WARN_DIRECT_OBJC_ISA_USAGE = YES_ERROR;
				CLANG_WARN_EMPTY_BODY = YES;
				CLANG_WARN_ENUM_CONVERSION = YES;
				CLANG_WARN_INT_CONVERSION = YES;
				CLANG_WARN_OBJC_ROOT_CLASS = YES_ERROR;
				CLANG_WARN_UNREACHABLE_CODE = YES;
				CLANG_WARN__DUPLICATE_METHOD_MATCH = YES;
				"CODE_SIGN_IDENTITY[sdk=iphoneos*]" = "iPhone Developer";
				COPY_PHASE_STRIP = NO;
				DEBUG_INFORMATION_FORMAT = "dwarf-with-dsym";
				ENABLE_NS_ASSERTIONS = NO;
				ENABLE_STRICT_OBJC_MSGSEND = YES;
				GCC_C_LANGUAGE_STANDARD = gnu99;
				GCC_NO_COMMON_BLOCKS = YES;
				GCC_WARN_64_TO_32_BIT_CONVERSION = YES;
				GCC_WARN_ABOUT_RETURN_TYPE = YES_ERROR;
				GCC_WARN_UNDECLARED_SELECTOR = YES;
				GCC_WARN_UNINITIALIZED_AUTOS = YES_AGGRESSIVE;
				GCC_WARN_UNUSED_FUNCTION = YES;
				GCC_WARN_UNUSED_VARIABLE = YES;
				IPHONEOS_DEPLOYMENT_TARGET = 9.2;
				MTL_ENABLE_DEBUG_INFO = NO;
				SDKROOT = iphoneos;
				VALIDATE_PRODUCT = YES;
			};
			name = Release;
		};
		340949CA1C22D19B00C0146C /* Debug */ = {
			isa = XCBuildConfiguration;
			buildSettings = {
				ASSETCATALOG_COMPILER_APPICON_NAME = AppIcon;
				INFOPLIST_FILE = scrollviews/Info.plist;
				IPHONEOS_DEPLOYMENT_TARGET = 8.0;
				LD_RUNPATH_SEARCH_PATHS = "$(inherited) @executable_path/Frameworks";
				PRODUCT_BUNDLE_IDENTIFIER = jp.usagimaru.scrollviews;
				PRODUCT_NAME = "$(TARGET_NAME)";
			};
			name = Debug;
		};
		340949CB1C22D19B00C0146C /* Release */ = {
			isa = XCBuildConfiguration;
			buildSettings = {
				ASSETCATALOG_COMPILER_APPICON_NAME = AppIcon;
				INFOPLIST_FILE = scrollviews/Info.plist;
				IPHONEOS_DEPLOYMENT_TARGET = 8.0;
				LD_RUNPATH_SEARCH_PATHS = "$(inherited) @executable_path/Frameworks";
				PRODUCT_BUNDLE_IDENTIFIER = jp.usagimaru.scrollviews;
				PRODUCT_NAME = "$(TARGET_NAME)";
			};
			name = Release;
		};
/* End XCBuildConfiguration section */

/* Begin XCConfigurationList section */
		340949B21C22D19B00C0146C /* Build configuration list for PBXProject "scrollviews" */ = {
			isa = XCConfigurationList;
			buildConfigurations = (
				340949C71C22D19B00C0146C /* Debug */,
				340949C81C22D19B00C0146C /* Release */,
			);
			defaultConfigurationIsVisible = 0;
			defaultConfigurationName = Release;
		};
		340949C91C22D19B00C0146C /* Build configuration list for PBXNativeTarget "scrollviews" */ = {
			isa = XCConfigurationList;
			buildConfigurations = (
				340949CA1C22D19B00C0146C /* Debug */,
				340949CB1C22D19B00C0146C /* Release */,
			);
			defaultConfigurationIsVisible = 0;
		};
/* End XCConfigurationList section */
	};
	rootObject = 340949AF1C22D19B00C0146C /* Project object */;
}
